
Microsoft Visual Studio Solution File, Format Version 12.00
# Visual Studio 2013
VisualStudioVersion = 12.0.30501.0
MinimumVisualStudioVersion = 10.0.40219.1
Project("{FAE04EC0-301F-11D3-BF4B-00C04F79EFBC}") = "03.ArrayStack", "03.ArrayStack.csproj", "{0BFBCF16-E459-4CD3-B457-2769620F5C31}"
EndProject
Project("{FAE04EC0-301F-11D3-BF4B-00C04F79EFBC}") = "ArrayStackTests", "..\04.ArrayStackTests\ArrayStackTests.csproj", "{23733860-35A0-40C6-9FDF-3B8568853177}"
EndProject
Global
	GlobalSection(SolutionConfigurationPlatforms) = preSolution
		Debug|Any CPU = Debug|Any CPU
		Release|Any CPU = Release|Any CPU
	EndGlobalSection
	GlobalSection(ProjectConfigurationPlatforms) = postSolution
		{0BFBCF16-E459-4CD3-B457-2769620F5C31}.Debug|Any CPU.ActiveCfg = Debug|Any CPU
		{0BFBCF16-E459-4CD3-B457-2769620F5C31}.Debug|Any CPU.Build.0 = Debug|Any CPU
		{0BFBCF16-E459-4CD3-B457-2769620F5C31}.Release|Any CPU.ActiveCfg = Release|Any CPU
		{0BFBCF16-E459-4CD3-B457-2769620F5C31}.Release|Any CPU.Build.0 = Release|Any CPU
		{23733860-35A0-40C6-9FDF-3B8568853177}.Debug|Any CPU.ActiveCfg = Debug|Any CPU
		{23733860-35A0-40C6-9FDF-3B8568853177}.Debug|Any CPU.Build.0 = Debug|Any CPU
		{23733860-35A0-40C6-9FDF-3B8568853177}.Release|Any CPU.ActiveCfg = Release|Any CPU
		{23733860-35A0-40C6-9FDF-3B8568853177}.Release|Any CPU.Build.0 = Release|Any CPU
	EndGlobalSection
	GlobalSection(SolutionProperties) = preSolution
		HideSolutionNode = FALSE
	EndGlobalSection
EndGlobal
