
Microsoft Visual Studio Solution File, Format Version 12.00
# Visual Studio 2013
VisualStudioVersion = 12.0.30501.0
MinimumVisualStudioVersion = 10.0.40219.1
Project("{FAE04EC0-301F-11D3-BF4B-00C04F79EFBC}") = "AATree", "AATree\AATree.csproj", "{7A7BAD93-222D-4ACF-B1EB-7272E9BF86E5}"
EndProject
Project("{FAE04EC0-301F-11D3-BF4B-00C04F79EFBC}") = "Tests", "AATreeTests\Tests.csproj", "{EA79B789-A7BB-4D03-92DE-EEB5237E8847}"
EndProject
Project("{FAE04EC0-301F-11D3-BF4B-00C04F79EFBC}") = "IntervalTree", "IntervalTree\IntervalTree.csproj", "{2E2D5258-C69F-47D2-98A3-2209A8A8637B}"
EndProject
Global
	GlobalSection(SolutionConfigurationPlatforms) = preSolution
		Debug|Any CPU = Debug|Any CPU
		Release|Any CPU = Release|Any CPU
	EndGlobalSection
	GlobalSection(ProjectConfigurationPlatforms) = postSolution
		{7A7BAD93-222D-4ACF-B1EB-7272E9BF86E5}.Debug|Any CPU.ActiveCfg = Debug|Any CPU
		{7A7BAD93-222D-4ACF-B1EB-7272E9BF86E5}.Debug|Any CPU.Build.0 = Debug|Any CPU
		{7A7BAD93-222D-4ACF-B1EB-7272E9BF86E5}.Release|Any CPU.ActiveCfg = Release|Any CPU
		{7A7BAD93-222D-4ACF-B1EB-7272E9BF86E5}.Release|Any CPU.Build.0 = Release|Any CPU
		{EA79B789-A7BB-4D03-92DE-EEB5237E8847}.Debug|Any CPU.ActiveCfg = Debug|Any CPU
		{EA79B789-A7BB-4D03-92DE-EEB5237E8847}.Debug|Any CPU.Build.0 = Debug|Any CPU
		{EA79B789-A7BB-4D03-92DE-EEB5237E8847}.Release|Any CPU.ActiveCfg = Release|Any CPU
		{EA79B789-A7BB-4D03-92DE-EEB5237E8847}.Release|Any CPU.Build.0 = Release|Any CPU
		{2E2D5258-C69F-47D2-98A3-2209A8A8637B}.Debug|Any CPU.ActiveCfg = Debug|Any CPU
		{2E2D5258-C69F-47D2-98A3-2209A8A8637B}.Debug|Any CPU.Build.0 = Debug|Any CPU
		{2E2D5258-C69F-47D2-98A3-2209A8A8637B}.Release|Any CPU.ActiveCfg = Release|Any CPU
		{2E2D5258-C69F-47D2-98A3-2209A8A8637B}.Release|Any CPU.Build.0 = Release|Any CPU
	EndGlobalSection
	GlobalSection(SolutionProperties) = preSolution
		HideSolutionNode = FALSE
	EndGlobalSection
EndGlobal
