
Microsoft Visual Studio Solution File, Format Version 12.00
# Visual Studio 2013
VisualStudioVersion = 12.0.30501.0
MinimumVisualStudioVersion = 10.0.40219.1
Project("{FAE04EC0-301F-11D3-BF4B-00C04F79EFBC}") = "05.LinkedList", "05.LinkedList.csproj", "{CA520C5B-3FEC-43C5-ACEB-584B1856A7EF}"
EndProject
Project("{FAE04EC0-301F-11D3-BF4B-00C04F79EFBC}") = "06.LinkedListTests", "..\06.LinkedListTests\06.LinkedListTests.csproj", "{73103F5E-FCF5-4A50-BF7C-526F533FA1DA}"
EndProject
Global
	GlobalSection(SolutionConfigurationPlatforms) = preSolution
		Debug|Any CPU = Debug|Any CPU
		Release|Any CPU = Release|Any CPU
	EndGlobalSection
	GlobalSection(ProjectConfigurationPlatforms) = postSolution
		{CA520C5B-3FEC-43C5-ACEB-584B1856A7EF}.Debug|Any CPU.ActiveCfg = Debug|Any CPU
		{CA520C5B-3FEC-43C5-ACEB-584B1856A7EF}.Debug|Any CPU.Build.0 = Debug|Any CPU
		{CA520C5B-3FEC-43C5-ACEB-584B1856A7EF}.Release|Any CPU.ActiveCfg = Release|Any CPU
		{CA520C5B-3FEC-43C5-ACEB-584B1856A7EF}.Release|Any CPU.Build.0 = Release|Any CPU
		{73103F5E-FCF5-4A50-BF7C-526F533FA1DA}.Debug|Any CPU.ActiveCfg = Debug|Any CPU
		{73103F5E-FCF5-4A50-BF7C-526F533FA1DA}.Debug|Any CPU.Build.0 = Debug|Any CPU
		{73103F5E-FCF5-4A50-BF7C-526F533FA1DA}.Release|Any CPU.ActiveCfg = Release|Any CPU
		{73103F5E-FCF5-4A50-BF7C-526F533FA1DA}.Release|Any CPU.Build.0 = Release|Any CPU
	EndGlobalSection
	GlobalSection(SolutionProperties) = preSolution
		HideSolutionNode = FALSE
	EndGlobalSection
EndGlobal
