
Microsoft Visual Studio Solution File, Format Version 12.00
# Visual Studio 2013
VisualStudioVersion = 12.0.30501.0
MinimumVisualStudioVersion = 10.0.40219.1
Project("{FAE04EC0-301F-11D3-BF4B-00C04F79EFBC}") = "07.LinkedQueue", "07.LinkedQueue.csproj", "{162C2CB8-2160-469C-81D4-933FEEE1EBB1}"
EndProject
Project("{FAE04EC0-301F-11D3-BF4B-00C04F79EFBC}") = "08.LinkedQueueTests", "..\08.LinkedQueueTests\08.LinkedQueueTests.csproj", "{B54BB1D9-B74F-436A-824D-A9463A28E47E}"
EndProject
Global
	GlobalSection(SolutionConfigurationPlatforms) = preSolution
		Debug|Any CPU = Debug|Any CPU
		Release|Any CPU = Release|Any CPU
	EndGlobalSection
	GlobalSection(ProjectConfigurationPlatforms) = postSolution
		{162C2CB8-2160-469C-81D4-933FEEE1EBB1}.Debug|Any CPU.ActiveCfg = Debug|Any CPU
		{162C2CB8-2160-469C-81D4-933FEEE1EBB1}.Debug|Any CPU.Build.0 = Debug|Any CPU
		{162C2CB8-2160-469C-81D4-933FEEE1EBB1}.Release|Any CPU.ActiveCfg = Release|Any CPU
		{162C2CB8-2160-469C-81D4-933FEEE1EBB1}.Release|Any CPU.Build.0 = Release|Any CPU
		{B54BB1D9-B74F-436A-824D-A9463A28E47E}.Debug|Any CPU.ActiveCfg = Debug|Any CPU
		{B54BB1D9-B74F-436A-824D-A9463A28E47E}.Debug|Any CPU.Build.0 = Debug|Any CPU
		{B54BB1D9-B74F-436A-824D-A9463A28E47E}.Release|Any CPU.ActiveCfg = Release|Any CPU
		{B54BB1D9-B74F-436A-824D-A9463A28E47E}.Release|Any CPU.Build.0 = Release|Any CPU
	EndGlobalSection
	GlobalSection(SolutionProperties) = preSolution
		HideSolutionNode = FALSE
	EndGlobalSection
EndGlobal
